
Microsoft Visual Studio Solution File, Format Version 12.00
# Visual Studio Version 17
VisualStudioVersion = 17.2.32519.379
MinimumVisualStudioVersion = 10.0.40219.1
Project("{9A19103F-16F7-4668-BE54-9A1E7A4F7556}") = "Lab2", "Lab2\Lab2.csproj", "{EED5733E-8307-4392-8622-7B305F814864}"
EndProject
Project("{9A19103F-16F7-4668-BE54-9A1E7A4F7556}") = "Lab1", "Lab1\Lab1.csproj", "{EBA72092-BA49-4AF4-8FD2-B9C6F2A355C2}"
EndProject
Global
	GlobalSection(SolutionConfigurationPlatforms) = preSolution
		Debug|Any CPU = Debug|Any CPU
		Release|Any CPU = Release|Any CPU
	EndGlobalSection
	GlobalSection(ProjectConfigurationPlatforms) = postSolution
		{EED5733E-8307-4392-8622-7B305F814864}.Debug|Any CPU.ActiveCfg = Debug|Any CPU
		{EED5733E-8307-4392-8622-7B305F814864}.Debug|Any CPU.Build.0 = Debug|Any CPU
		{EED5733E-8307-4392-8622-7B305F814864}.Release|Any CPU.ActiveCfg = Release|Any CPU
		{EED5733E-8307-4392-8622-7B305F814864}.Release|Any CPU.Build.0 = Release|Any CPU
		{EBA72092-BA49-4AF4-8FD2-B9C6F2A355C2}.Debug|Any CPU.ActiveCfg = Debug|Any CPU
		{EBA72092-BA49-4AF4-8FD2-B9C6F2A355C2}.Debug|Any CPU.Build.0 = Debug|Any CPU
		{EBA72092-BA49-4AF4-8FD2-B9C6F2A355C2}.Release|Any CPU.ActiveCfg = Release|Any CPU
		{EBA72092-BA49-4AF4-8FD2-B9C6F2A355C2}.Release|Any CPU.Build.0 = Release|Any CPU
	EndGlobalSection
	GlobalSection(SolutionProperties) = preSolution
		HideSolutionNode = FALSE
	EndGlobalSection
	GlobalSection(ExtensibilityGlobals) = postSolution
		SolutionGuid = {E32C4A49-A9F3-463E-A90E-44993DD5E76B}
	EndGlobalSection
EndGlobal
